
Microsoft Visual Studio Solution File, Format Version 12.00
# Visual Studio Version 17
VisualStudioVersion = 17.0.31903.59
MinimumVisualStudioVersion = 10.0.40219.1
Project("{FAE04EC0-301F-11D3-BF4B-00C04F79EFBC}") = "OOP_Example_18", "OOP_Example_18\OOP_Example_18.csproj", "{A27A33D9-65C7-4E2E-B51C-F2A4BF051ABF}"
EndProject
Global
	GlobalSection(SolutionConfigurationPlatforms) = preSolution
		Debug|Any CPU = Debug|Any CPU
		Release|Any CPU = Release|Any CPU
	EndGlobalSection
	GlobalSection(ProjectConfigurationPlatforms) = postSolution
		{A27A33D9-65C7-4E2E-B51C-F2A4BF051ABF}.Debug|Any CPU.ActiveCfg = Debug|Any CPU
		{A27A33D9-65C7-4E2E-B51C-F2A4BF051ABF}.Debug|Any CPU.Build.0 = Debug|Any CPU
		{A27A33D9-65C7-4E2E-B51C-F2A4BF051ABF}.Release|Any CPU.ActiveCfg = Release|Any CPU
		{A27A33D9-65C7-4E2E-B51C-F2A4BF051ABF}.Release|Any CPU.Build.0 = Release|Any CPU
	EndGlobalSection
	GlobalSection(SolutionProperties) = preSolution
		HideSolutionNode = FALSE
	EndGlobalSection
	GlobalSection(ExtensibilityGlobals) = postSolution
		SolutionGuid = {0B80AF45-AAC9-4CF9-B9FF-6AD4F124CFD8}
	EndGlobalSection
EndGlobal
