
Microsoft Visual Studio Solution File, Format Version 12.00
# Visual Studio Version 17
VisualStudioVersion = 17.0.31903.59
MinimumVisualStudioVersion = 10.0.40219.1
Project("{FAE04EC0-301F-11D3-BF4B-00C04F79EFBC}") = "OPP_Example_9", "OPP_Example_9\OPP_Example_9.csproj", "{EC242147-38D1-4460-88A4-2C17A00B83EA}"
EndProject
Global
	GlobalSection(SolutionConfigurationPlatforms) = preSolution
		Debug|Any CPU = Debug|Any CPU
		Release|Any CPU = Release|Any CPU
	EndGlobalSection
	GlobalSection(ProjectConfigurationPlatforms) = postSolution
		{EC242147-38D1-4460-88A4-2C17A00B83EA}.Debug|Any CPU.ActiveCfg = Debug|Any CPU
		{EC242147-38D1-4460-88A4-2C17A00B83EA}.Debug|Any CPU.Build.0 = Debug|Any CPU
		{EC242147-38D1-4460-88A4-2C17A00B83EA}.Release|Any CPU.ActiveCfg = Release|Any CPU
		{EC242147-38D1-4460-88A4-2C17A00B83EA}.Release|Any CPU.Build.0 = Release|Any CPU
	EndGlobalSection
	GlobalSection(SolutionProperties) = preSolution
		HideSolutionNode = FALSE
	EndGlobalSection
	GlobalSection(ExtensibilityGlobals) = postSolution
		SolutionGuid = {442B49C0-90B5-48F2-9739-8F93CB6221D5}
	EndGlobalSection
EndGlobal
