
Microsoft Visual Studio Solution File, Format Version 12.00
# Visual Studio Version 16
VisualStudioVersion = 16.0.31729.503
MinimumVisualStudioVersion = 10.0.40219.1
Project("{FAE04EC0-301F-11D3-BF4B-00C04F79EFBC}") = "OOP-Example_4", "OOP-Example_4\OOP-Example_4.csproj", "{5EEA1513-0712-44A0-847B-84708991AEA2}"
EndProject
Global
	GlobalSection(SolutionConfigurationPlatforms) = preSolution
		Debug|Any CPU = Debug|Any CPU
		Release|Any CPU = Release|Any CPU
	EndGlobalSection
	GlobalSection(ProjectConfigurationPlatforms) = postSolution
		{5EEA1513-0712-44A0-847B-84708991AEA2}.Debug|Any CPU.ActiveCfg = Debug|Any CPU
		{5EEA1513-0712-44A0-847B-84708991AEA2}.Debug|Any CPU.Build.0 = Debug|Any CPU
		{5EEA1513-0712-44A0-847B-84708991AEA2}.Release|Any CPU.ActiveCfg = Release|Any CPU
		{5EEA1513-0712-44A0-847B-84708991AEA2}.Release|Any CPU.Build.0 = Release|Any CPU
	EndGlobalSection
	GlobalSection(SolutionProperties) = preSolution
		HideSolutionNode = FALSE
	EndGlobalSection
	GlobalSection(ExtensibilityGlobals) = postSolution
		SolutionGuid = {95E7C47B-3450-494F-BF6B-BF37AA70CE52}
	EndGlobalSection
EndGlobal
