
Microsoft Visual Studio Solution File, Format Version 12.00
# Visual Studio Version 17
VisualStudioVersion = 17.0.31903.59
MinimumVisualStudioVersion = 10.0.40219.1
Project("{FAE04EC0-301F-11D3-BF4B-00C04F79EFBC}") = "OOP_Example_22", "OOP_Example_22\OOP_Example_22.csproj", "{16719366-8C48-4EA5-8750-01444BEC5288}"
EndProject
Global
	GlobalSection(SolutionConfigurationPlatforms) = preSolution
		Debug|Any CPU = Debug|Any CPU
		Release|Any CPU = Release|Any CPU
	EndGlobalSection
	GlobalSection(ProjectConfigurationPlatforms) = postSolution
		{16719366-8C48-4EA5-8750-01444BEC5288}.Debug|Any CPU.ActiveCfg = Debug|Any CPU
		{16719366-8C48-4EA5-8750-01444BEC5288}.Debug|Any CPU.Build.0 = Debug|Any CPU
		{16719366-8C48-4EA5-8750-01444BEC5288}.Release|Any CPU.ActiveCfg = Release|Any CPU
		{16719366-8C48-4EA5-8750-01444BEC5288}.Release|Any CPU.Build.0 = Release|Any CPU
	EndGlobalSection
	GlobalSection(SolutionProperties) = preSolution
		HideSolutionNode = FALSE
	EndGlobalSection
	GlobalSection(ExtensibilityGlobals) = postSolution
		SolutionGuid = {962E1783-0E7E-4ACE-A951-F8EEE271B109}
	EndGlobalSection
EndGlobal
