
Microsoft Visual Studio Solution File, Format Version 12.00
# Visual Studio Version 17
VisualStudioVersion = 17.0.31903.59
MinimumVisualStudioVersion = 10.0.40219.1
Project("{FAE04EC0-301F-11D3-BF4B-00C04F79EFBC}") = "OOP_Example_12", "OOP_Example_12\OOP_Example_12.csproj", "{706FAC20-FAE3-4AC3-AD24-3A4DF3CD0A44}"
EndProject
Global
	GlobalSection(SolutionConfigurationPlatforms) = preSolution
		Debug|Any CPU = Debug|Any CPU
		Release|Any CPU = Release|Any CPU
	EndGlobalSection
	GlobalSection(ProjectConfigurationPlatforms) = postSolution
		{706FAC20-FAE3-4AC3-AD24-3A4DF3CD0A44}.Debug|Any CPU.ActiveCfg = Debug|Any CPU
		{706FAC20-FAE3-4AC3-AD24-3A4DF3CD0A44}.Debug|Any CPU.Build.0 = Debug|Any CPU
		{706FAC20-FAE3-4AC3-AD24-3A4DF3CD0A44}.Release|Any CPU.ActiveCfg = Release|Any CPU
		{706FAC20-FAE3-4AC3-AD24-3A4DF3CD0A44}.Release|Any CPU.Build.0 = Release|Any CPU
	EndGlobalSection
	GlobalSection(SolutionProperties) = preSolution
		HideSolutionNode = FALSE
	EndGlobalSection
	GlobalSection(ExtensibilityGlobals) = postSolution
		SolutionGuid = {904A3308-6BE1-4D54-BE52-53A8D04D8893}
	EndGlobalSection
EndGlobal
